
Microsoft Visual Studio Solution File, Format Version 12.00
# Visual Studio Version 17
VisualStudioVersion = 17.3.32929.385
MinimumVisualStudioVersion = 10.0.40219.1
Project("{FAE04EC0-301F-11D3-BF4B-00C04F79EFBC}") = "ProjetoPedidos", "ProjetoPedidos.csproj", "{D09FA8A9-70FC-4347-886D-97615227BD61}"
EndProject
Global
	GlobalSection(SolutionConfigurationPlatforms) = preSolution
		Debug|Any CPU = Debug|Any CPU
		Release|Any CPU = Release|Any CPU
	EndGlobalSection
	GlobalSection(ProjectConfigurationPlatforms) = postSolution
		{D09FA8A9-70FC-4347-886D-97615227BD61}.Debug|Any CPU.ActiveCfg = Debug|Any CPU
		{D09FA8A9-70FC-4347-886D-97615227BD61}.Debug|Any CPU.Build.0 = Debug|Any CPU
		{D09FA8A9-70FC-4347-886D-97615227BD61}.Release|Any CPU.ActiveCfg = Release|Any CPU
		{D09FA8A9-70FC-4347-886D-97615227BD61}.Release|Any CPU.Build.0 = Release|Any CPU
	EndGlobalSection
	GlobalSection(SolutionProperties) = preSolution
		HideSolutionNode = FALSE
	EndGlobalSection
	GlobalSection(ExtensibilityGlobals) = postSolution
		SolutionGuid = {C66A0121-9149-4BD2-8004-421E4FE7FB5D}
	EndGlobalSection
EndGlobal
